
Microsoft Visual Studio Solution File, Format Version 12.00
# Visual Studio 15
VisualStudioVersion = 15.0.27004.2005
MinimumVisualStudioVersion = 10.0.40219.1
Project("{FAE04EC0-301F-11D3-BF4B-00C04F79EFBC}") = "Merlin", "Merlin\Merlin.csproj", "{DF9941B0-4554-4038-8D80-9FA1E55FBD6C}"
EndProject
Project("{FAE04EC0-301F-11D3-BF4B-00C04F79EFBC}") = "Merlin.API.Tests", "Merlin.API.Tests\Merlin.API.Tests.csproj", "{8E0AB0F5-E9CC-4B65-9EF9-3A023F472EC0}"
EndProject
Project("{FAE04EC0-301F-11D3-BF4B-00C04F79EFBC}") = "Albion_Direct", "Albion_Direct\Albion_Direct.csproj", "{C288F801-7FA5-4C14-A90E-71B71615103C}"
EndProject
Global
	GlobalSection(SolutionConfigurationPlatforms) = preSolution
		Debug|Any CPU = Debug|Any CPU
		Release|Any CPU = Release|Any CPU
	EndGlobalSection
	GlobalSection(ProjectConfigurationPlatforms) = postSolution
		{DF9941B0-4554-4038-8D80-9FA1E55FBD6C}.Debug|Any CPU.ActiveCfg = Debug|Any CPU
		{DF9941B0-4554-4038-8D80-9FA1E55FBD6C}.Debug|Any CPU.Build.0 = Debug|Any CPU
		{DF9941B0-4554-4038-8D80-9FA1E55FBD6C}.Release|Any CPU.ActiveCfg = Release|Any CPU
		{DF9941B0-4554-4038-8D80-9FA1E55FBD6C}.Release|Any CPU.Build.0 = Release|Any CPU
		{8E0AB0F5-E9CC-4B65-9EF9-3A023F472EC0}.Debug|Any CPU.ActiveCfg = Debug|Any CPU
		{8E0AB0F5-E9CC-4B65-9EF9-3A023F472EC0}.Debug|Any CPU.Build.0 = Debug|Any CPU
		{8E0AB0F5-E9CC-4B65-9EF9-3A023F472EC0}.Release|Any CPU.ActiveCfg = Release|Any CPU
		{8E0AB0F5-E9CC-4B65-9EF9-3A023F472EC0}.Release|Any CPU.Build.0 = Release|Any CPU
		{C288F801-7FA5-4C14-A90E-71B71615103C}.Debug|Any CPU.ActiveCfg = Debug|Any CPU
		{C288F801-7FA5-4C14-A90E-71B71615103C}.Debug|Any CPU.Build.0 = Debug|Any CPU
		{C288F801-7FA5-4C14-A90E-71B71615103C}.Release|Any CPU.ActiveCfg = Release|Any CPU
		{C288F801-7FA5-4C14-A90E-71B71615103C}.Release|Any CPU.Build.0 = Release|Any CPU
	EndGlobalSection
	GlobalSection(SolutionProperties) = preSolution
		HideSolutionNode = FALSE
	EndGlobalSection
	GlobalSection(ExtensibilityGlobals) = postSolution
		SolutionGuid = {9936C43A-8FB1-4BA9-A0F9-302CE38C7D33}
	EndGlobalSection
EndGlobal
